
Microsoft Visual Studio Solution File, Format Version 12.00
# Visual Studio Version 17
VisualStudioVersion = 17.7.34202.233
MinimumVisualStudioVersion = 10.0.40219.1
Project("{FAE04EC0-301F-11D3-BF4B-00C04F79EFBC}") = "oop3", "oop3\oop3.csproj", "{8B01C964-94A4-48A7-8828-52B651D34929}"
EndProject
Global
	GlobalSection(SolutionConfigurationPlatforms) = preSolution
		Debug|Any CPU = Debug|Any CPU
		Release|Any CPU = Release|Any CPU
	EndGlobalSection
	GlobalSection(ProjectConfigurationPlatforms) = postSolution
		{8B01C964-94A4-48A7-8828-52B651D34929}.Debug|Any CPU.ActiveCfg = Debug|Any CPU
		{8B01C964-94A4-48A7-8828-52B651D34929}.Debug|Any CPU.Build.0 = Debug|Any CPU
		{8B01C964-94A4-48A7-8828-52B651D34929}.Release|Any CPU.ActiveCfg = Release|Any CPU
		{8B01C964-94A4-48A7-8828-52B651D34929}.Release|Any CPU.Build.0 = Release|Any CPU
	EndGlobalSection
	GlobalSection(SolutionProperties) = preSolution
		HideSolutionNode = FALSE
	EndGlobalSection
	GlobalSection(ExtensibilityGlobals) = postSolution
		SolutionGuid = {4293552D-231D-4EF9-BCB8-211067514F50}
	EndGlobalSection
EndGlobal
